
Microsoft Visual Studio Solution File, Format Version 12.00
# Visual Studio Version 16
VisualStudioVersion = 16.0.31424.327
MinimumVisualStudioVersion = 10.0.40219.1
Project("{FAE04EC0-301F-11D3-BF4B-00C04F79EFBC}") = "WazeCredit", "WazeCredit\WazeCredit.csproj", "{ABE290A2-4096-4272-9203-1DB12BE2B755}"
EndProject
Global
	GlobalSection(SolutionConfigurationPlatforms) = preSolution
		Debug|Any CPU = Debug|Any CPU
		Release|Any CPU = Release|Any CPU
	EndGlobalSection
	GlobalSection(ProjectConfigurationPlatforms) = postSolution
		{ABE290A2-4096-4272-9203-1DB12BE2B755}.Debug|Any CPU.ActiveCfg = Debug|Any CPU
		{ABE290A2-4096-4272-9203-1DB12BE2B755}.Debug|Any CPU.Build.0 = Debug|Any CPU
		{ABE290A2-4096-4272-9203-1DB12BE2B755}.Release|Any CPU.ActiveCfg = Release|Any CPU
		{ABE290A2-4096-4272-9203-1DB12BE2B755}.Release|Any CPU.Build.0 = Release|Any CPU
	EndGlobalSection
	GlobalSection(SolutionProperties) = preSolution
		HideSolutionNode = FALSE
	EndGlobalSection
	GlobalSection(ExtensibilityGlobals) = postSolution
		SolutionGuid = {DF0A0C68-6230-49D5-BF71-0A2042FCFB19}
	EndGlobalSection
EndGlobal
